
Microsoft Visual Studio Solution File, Format Version 12.00
# Visual Studio Version 17
VisualStudioVersion = 17.14.36623.8 d17.14
MinimumVisualStudioVersion = 10.0.40219.1
Project("{FAE04EC0-301F-11D3-BF4B-00C04F79EFBC}") = "81", "81.csproj", "{2E568DCE-82E5-44DF-8CF9-71837F305F59}"
EndProject
Global
	GlobalSection(SolutionConfigurationPlatforms) = preSolution
		Debug|Any CPU = Debug|Any CPU
		Release|Any CPU = Release|Any CPU
	EndGlobalSection
	GlobalSection(ProjectConfigurationPlatforms) = postSolution
		{2E568DCE-82E5-44DF-8CF9-71837F305F59}.Debug|Any CPU.ActiveCfg = Debug|Any CPU
		{2E568DCE-82E5-44DF-8CF9-71837F305F59}.Debug|Any CPU.Build.0 = Debug|Any CPU
		{2E568DCE-82E5-44DF-8CF9-71837F305F59}.Release|Any CPU.ActiveCfg = Release|Any CPU
		{2E568DCE-82E5-44DF-8CF9-71837F305F59}.Release|Any CPU.Build.0 = Release|Any CPU
	EndGlobalSection
	GlobalSection(SolutionProperties) = preSolution
		HideSolutionNode = FALSE
	EndGlobalSection
	GlobalSection(ExtensibilityGlobals) = postSolution
		SolutionGuid = {FF1A43B2-A5C7-4261-BD39-93B15F5427AB}
	EndGlobalSection
EndGlobal
