
Microsoft Visual Studio Solution File, Format Version 12.00
# Visual Studio Version 17
VisualStudioVersion = 17.14.36623.8 d17.14
MinimumVisualStudioVersion = 10.0.40219.1
Project("{FAE04EC0-301F-11D3-BF4B-00C04F79EFBC}") = "82", "82.csproj", "{51379263-E923-42F3-99A1-DF7BCDF269F2}"
EndProject
Global
	GlobalSection(SolutionConfigurationPlatforms) = preSolution
		Debug|Any CPU = Debug|Any CPU
		Release|Any CPU = Release|Any CPU
	EndGlobalSection
	GlobalSection(ProjectConfigurationPlatforms) = postSolution
		{51379263-E923-42F3-99A1-DF7BCDF269F2}.Debug|Any CPU.ActiveCfg = Debug|Any CPU
		{51379263-E923-42F3-99A1-DF7BCDF269F2}.Debug|Any CPU.Build.0 = Debug|Any CPU
		{51379263-E923-42F3-99A1-DF7BCDF269F2}.Release|Any CPU.ActiveCfg = Release|Any CPU
		{51379263-E923-42F3-99A1-DF7BCDF269F2}.Release|Any CPU.Build.0 = Release|Any CPU
	EndGlobalSection
	GlobalSection(SolutionProperties) = preSolution
		HideSolutionNode = FALSE
	EndGlobalSection
	GlobalSection(ExtensibilityGlobals) = postSolution
		SolutionGuid = {280B21DB-69BE-4308-9A64-332D30F5A266}
	EndGlobalSection
EndGlobal
